
Microsoft Visual Studio Solution File, Format Version 12.00
# Visual Studio Version 17
VisualStudioVersion = 17.1.32328.378
MinimumVisualStudioVersion = 10.0.40219.1
Project("{9A19103F-16F7-4668-BE54-9A1E7A4F7556}") = "TransportWebApp", "TransportWebApp.csproj", "{B494C252-238C-4F43-A377-B71BE331BF5A}"
EndProject
Project("{9A19103F-16F7-4668-BE54-9A1E7A4F7556}") = "TransportAppApplication", "..\TransportApp.Application\TransportAppApplication.csproj", "{4526BE66-2E41-45C5-8ABC-7BD6373448C0}"
EndProject
Project("{9A19103F-16F7-4668-BE54-9A1E7A4F7556}") = "TransportApp.Infrastructure", "..\TransportApp.Infrastructure\TransportApp.Infrastructure.csproj", "{30CA644F-9B1B-42B2-ACCA-7EBC738A577C}"
EndProject
Project("{9A19103F-16F7-4668-BE54-9A1E7A4F7556}") = "TransportApp.Domain", "..\TransportApp.Domain\TransportApp.Domain.csproj", "{61CD47E6-9F26-4555-B499-F42E92125FEB}"
EndProject
Global
	GlobalSection(SolutionConfigurationPlatforms) = preSolution
		Debug|Any CPU = Debug|Any CPU
		Release|Any CPU = Release|Any CPU
	EndGlobalSection
	GlobalSection(ProjectConfigurationPlatforms) = postSolution
		{B494C252-238C-4F43-A377-B71BE331BF5A}.Debug|Any CPU.ActiveCfg = Debug|Any CPU
		{B494C252-238C-4F43-A377-B71BE331BF5A}.Debug|Any CPU.Build.0 = Debug|Any CPU
		{B494C252-238C-4F43-A377-B71BE331BF5A}.Release|Any CPU.ActiveCfg = Release|Any CPU
		{B494C252-238C-4F43-A377-B71BE331BF5A}.Release|Any CPU.Build.0 = Release|Any CPU
		{4526BE66-2E41-45C5-8ABC-7BD6373448C0}.Debug|Any CPU.ActiveCfg = Debug|Any CPU
		{4526BE66-2E41-45C5-8ABC-7BD6373448C0}.Debug|Any CPU.Build.0 = Debug|Any CPU
		{4526BE66-2E41-45C5-8ABC-7BD6373448C0}.Release|Any CPU.ActiveCfg = Release|Any CPU
		{4526BE66-2E41-45C5-8ABC-7BD6373448C0}.Release|Any CPU.Build.0 = Release|Any CPU
		{30CA644F-9B1B-42B2-ACCA-7EBC738A577C}.Debug|Any CPU.ActiveCfg = Debug|Any CPU
		{30CA644F-9B1B-42B2-ACCA-7EBC738A577C}.Debug|Any CPU.Build.0 = Debug|Any CPU
		{30CA644F-9B1B-42B2-ACCA-7EBC738A577C}.Release|Any CPU.ActiveCfg = Release|Any CPU
		{30CA644F-9B1B-42B2-ACCA-7EBC738A577C}.Release|Any CPU.Build.0 = Release|Any CPU
		{61CD47E6-9F26-4555-B499-F42E92125FEB}.Debug|Any CPU.ActiveCfg = Debug|Any CPU
		{61CD47E6-9F26-4555-B499-F42E92125FEB}.Debug|Any CPU.Build.0 = Debug|Any CPU
		{61CD47E6-9F26-4555-B499-F42E92125FEB}.Release|Any CPU.ActiveCfg = Release|Any CPU
		{61CD47E6-9F26-4555-B499-F42E92125FEB}.Release|Any CPU.Build.0 = Release|Any CPU
	EndGlobalSection
	GlobalSection(SolutionProperties) = preSolution
		HideSolutionNode = FALSE
	EndGlobalSection
	GlobalSection(ExtensibilityGlobals) = postSolution
		SolutionGuid = {6AE9FDEF-B757-4494-BA55-37D9255DA81E}
	EndGlobalSection
EndGlobal
